
Microsoft Visual Studio Solution File, Format Version 12.00
Project("{2150E333-8FDC-42A3-9474-1A3956D46DE8}") = "src", "src", "{CF3603F6-3780-44B3-9F5F-A5144018B31A}"
EndProject
Project("{FAE04EC0-301F-11D3-BF4B-00C04F79EFBC}") = "CodeSprint.Shared", "src\shared\CodeSprint.Shared\CodeSprint.Shared.csproj", "{87E45952-3B20-43F2-B3FC-CBC7E77805F7}"
EndProject
Project("{2150E333-8FDC-42A3-9474-1A3956D46DE8}") = "shared", "shared", "{5785BF76-C665-4D8B-8A52-852115CD9173}"
EndProject
Project("{2150E333-8FDC-42A3-9474-1A3956D46DE8}") = "users", "users", "{BEBF7A46-475C-427F-A0C8-02C5B7192576}"
EndProject
Project("{FAE04EC0-301F-11D3-BF4B-00C04F79EFBC}") = "CodeSprint.Users", "src\users\CodeSprint.Users\CodeSprint.Users.csproj", "{ED478FB6-C528-4604-BD11-D0F5B162731F}"
EndProject
Project("{FAE04EC0-301F-11D3-BF4B-00C04F79EFBC}") = "CodeSprint.Users.Public", "src\users\CodeSprint.Users.Public\CodeSprint.Users.Public.csproj", "{D7FCEAD3-E6BE-4A21-B856-266D4F07B43A}"
EndProject
Project("{2150E333-8FDC-42A3-9474-1A3956D46DE8}") = "aspire", "aspire", "{F4A6F6B5-179E-D4DA-5140-B10BF3B82777}"
EndProject
Project("{FAE04EC0-301F-11D3-BF4B-00C04F79EFBC}") = "CodeSprint.AppHost", "src\aspire\CodeSprint.AppHost\CodeSprint.AppHost.csproj", "{903E954B-DF1C-4045-8254-CFBFBCAC3FC9}"
EndProject
Project("{FAE04EC0-301F-11D3-BF4B-00C04F79EFBC}") = "CodeSprint.ServiceDefaults", "src\aspire\CodeSprint.ServiceDefaults\CodeSprint.ServiceDefaults.csproj", "{2DD40BDE-2672-436A-9483-4C30879BCF58}"
EndProject
Project("{2150E333-8FDC-42A3-9474-1A3956D46DE8}") = "problems", "problems", "{0228DA51-5B33-45D2-BA2D-894CC78126AC}"
EndProject
Project("{FAE04EC0-301F-11D3-BF4B-00C04F79EFBC}") = "CodeSprint.Problems", "src\problems\CodeSprint.Problems\CodeSprint.Problems.csproj", "{FF07EF80-CFC2-4AFB-A236-F8F6FA31ED0C}"
EndProject
Global
	GlobalSection(SolutionConfigurationPlatforms) = preSolution
		Debug|Any CPU = Debug|Any CPU
		Debug|x64 = Debug|x64
		Debug|x86 = Debug|x86
		Release|Any CPU = Release|Any CPU
		Release|x64 = Release|x64
		Release|x86 = Release|x86
	EndGlobalSection
	GlobalSection(ProjectConfigurationPlatforms) = postSolution
		{87E45952-3B20-43F2-B3FC-CBC7E77805F7}.Debug|Any CPU.ActiveCfg = Debug|Any CPU
		{87E45952-3B20-43F2-B3FC-CBC7E77805F7}.Debug|Any CPU.Build.0 = Debug|Any CPU
		{87E45952-3B20-43F2-B3FC-CBC7E77805F7}.Debug|x64.ActiveCfg = Debug|Any CPU
		{87E45952-3B20-43F2-B3FC-CBC7E77805F7}.Debug|x64.Build.0 = Debug|Any CPU
		{87E45952-3B20-43F2-B3FC-CBC7E77805F7}.Debug|x86.ActiveCfg = Debug|Any CPU
		{87E45952-3B20-43F2-B3FC-CBC7E77805F7}.Debug|x86.Build.0 = Debug|Any CPU
		{87E45952-3B20-43F2-B3FC-CBC7E77805F7}.Release|Any CPU.ActiveCfg = Release|Any CPU
		{87E45952-3B20-43F2-B3FC-CBC7E77805F7}.Release|Any CPU.Build.0 = Release|Any CPU
		{87E45952-3B20-43F2-B3FC-CBC7E77805F7}.Release|x64.ActiveCfg = Release|Any CPU
		{87E45952-3B20-43F2-B3FC-CBC7E77805F7}.Release|x64.Build.0 = Release|Any CPU
		{87E45952-3B20-43F2-B3FC-CBC7E77805F7}.Release|x86.ActiveCfg = Release|Any CPU
		{87E45952-3B20-43F2-B3FC-CBC7E77805F7}.Release|x86.Build.0 = Release|Any CPU
		{ED478FB6-C528-4604-BD11-D0F5B162731F}.Debug|Any CPU.ActiveCfg = Debug|Any CPU
		{ED478FB6-C528-4604-BD11-D0F5B162731F}.Debug|Any CPU.Build.0 = Debug|Any CPU
		{ED478FB6-C528-4604-BD11-D0F5B162731F}.Debug|x64.ActiveCfg = Debug|Any CPU
		{ED478FB6-C528-4604-BD11-D0F5B162731F}.Debug|x64.Build.0 = Debug|Any CPU
		{ED478FB6-C528-4604-BD11-D0F5B162731F}.Debug|x86.ActiveCfg = Debug|Any CPU
		{ED478FB6-C528-4604-BD11-D0F5B162731F}.Debug|x86.Build.0 = Debug|Any CPU
		{ED478FB6-C528-4604-BD11-D0F5B162731F}.Release|Any CPU.ActiveCfg = Release|Any CPU
		{ED478FB6-C528-4604-BD11-D0F5B162731F}.Release|Any CPU.Build.0 = Release|Any CPU
		{ED478FB6-C528-4604-BD11-D0F5B162731F}.Release|x64.ActiveCfg = Release|Any CPU
		{ED478FB6-C528-4604-BD11-D0F5B162731F}.Release|x64.Build.0 = Release|Any CPU
		{ED478FB6-C528-4604-BD11-D0F5B162731F}.Release|x86.ActiveCfg = Release|Any CPU
		{ED478FB6-C528-4604-BD11-D0F5B162731F}.Release|x86.Build.0 = Release|Any CPU
		{D7FCEAD3-E6BE-4A21-B856-266D4F07B43A}.Debug|Any CPU.ActiveCfg = Debug|Any CPU
		{D7FCEAD3-E6BE-4A21-B856-266D4F07B43A}.Debug|Any CPU.Build.0 = Debug|Any CPU
		{D7FCEAD3-E6BE-4A21-B856-266D4F07B43A}.Debug|x64.ActiveCfg = Debug|Any CPU
		{D7FCEAD3-E6BE-4A21-B856-266D4F07B43A}.Debug|x64.Build.0 = Debug|Any CPU
		{D7FCEAD3-E6BE-4A21-B856-266D4F07B43A}.Debug|x86.ActiveCfg = Debug|Any CPU
		{D7FCEAD3-E6BE-4A21-B856-266D4F07B43A}.Debug|x86.Build.0 = Debug|Any CPU
		{D7FCEAD3-E6BE-4A21-B856-266D4F07B43A}.Release|Any CPU.ActiveCfg = Release|Any CPU
		{D7FCEAD3-E6BE-4A21-B856-266D4F07B43A}.Release|Any CPU.Build.0 = Release|Any CPU
		{D7FCEAD3-E6BE-4A21-B856-266D4F07B43A}.Release|x64.ActiveCfg = Release|Any CPU
		{D7FCEAD3-E6BE-4A21-B856-266D4F07B43A}.Release|x64.Build.0 = Release|Any CPU
		{D7FCEAD3-E6BE-4A21-B856-266D4F07B43A}.Release|x86.ActiveCfg = Release|Any CPU
		{D7FCEAD3-E6BE-4A21-B856-266D4F07B43A}.Release|x86.Build.0 = Release|Any CPU
		{903E954B-DF1C-4045-8254-CFBFBCAC3FC9}.Debug|Any CPU.ActiveCfg = Debug|Any CPU
		{903E954B-DF1C-4045-8254-CFBFBCAC3FC9}.Debug|Any CPU.Build.0 = Debug|Any CPU
		{903E954B-DF1C-4045-8254-CFBFBCAC3FC9}.Debug|x64.ActiveCfg = Debug|Any CPU
		{903E954B-DF1C-4045-8254-CFBFBCAC3FC9}.Debug|x64.Build.0 = Debug|Any CPU
		{903E954B-DF1C-4045-8254-CFBFBCAC3FC9}.Debug|x86.ActiveCfg = Debug|Any CPU
		{903E954B-DF1C-4045-8254-CFBFBCAC3FC9}.Debug|x86.Build.0 = Debug|Any CPU
		{903E954B-DF1C-4045-8254-CFBFBCAC3FC9}.Release|Any CPU.ActiveCfg = Release|Any CPU
		{903E954B-DF1C-4045-8254-CFBFBCAC3FC9}.Release|Any CPU.Build.0 = Release|Any CPU
		{903E954B-DF1C-4045-8254-CFBFBCAC3FC9}.Release|x64.ActiveCfg = Release|Any CPU
		{903E954B-DF1C-4045-8254-CFBFBCAC3FC9}.Release|x64.Build.0 = Release|Any CPU
		{903E954B-DF1C-4045-8254-CFBFBCAC3FC9}.Release|x86.ActiveCfg = Release|Any CPU
		{903E954B-DF1C-4045-8254-CFBFBCAC3FC9}.Release|x86.Build.0 = Release|Any CPU
		{2DD40BDE-2672-436A-9483-4C30879BCF58}.Debug|Any CPU.ActiveCfg = Debug|Any CPU
		{2DD40BDE-2672-436A-9483-4C30879BCF58}.Debug|Any CPU.Build.0 = Debug|Any CPU
		{2DD40BDE-2672-436A-9483-4C30879BCF58}.Debug|x64.ActiveCfg = Debug|Any CPU
		{2DD40BDE-2672-436A-9483-4C30879BCF58}.Debug|x64.Build.0 = Debug|Any CPU
		{2DD40BDE-2672-436A-9483-4C30879BCF58}.Debug|x86.ActiveCfg = Debug|Any CPU
		{2DD40BDE-2672-436A-9483-4C30879BCF58}.Debug|x86.Build.0 = Debug|Any CPU
		{2DD40BDE-2672-436A-9483-4C30879BCF58}.Release|Any CPU.ActiveCfg = Release|Any CPU
		{2DD40BDE-2672-436A-9483-4C30879BCF58}.Release|Any CPU.Build.0 = Release|Any CPU
		{2DD40BDE-2672-436A-9483-4C30879BCF58}.Release|x64.ActiveCfg = Release|Any CPU
		{2DD40BDE-2672-436A-9483-4C30879BCF58}.Release|x64.Build.0 = Release|Any CPU
		{2DD40BDE-2672-436A-9483-4C30879BCF58}.Release|x86.ActiveCfg = Release|Any CPU
		{2DD40BDE-2672-436A-9483-4C30879BCF58}.Release|x86.Build.0 = Release|Any CPU
		{FF07EF80-CFC2-4AFB-A236-F8F6FA31ED0C}.Debug|Any CPU.ActiveCfg = Debug|Any CPU
		{FF07EF80-CFC2-4AFB-A236-F8F6FA31ED0C}.Debug|Any CPU.Build.0 = Debug|Any CPU
		{FF07EF80-CFC2-4AFB-A236-F8F6FA31ED0C}.Debug|x64.ActiveCfg = Debug|Any CPU
		{FF07EF80-CFC2-4AFB-A236-F8F6FA31ED0C}.Debug|x64.Build.0 = Debug|Any CPU
		{FF07EF80-CFC2-4AFB-A236-F8F6FA31ED0C}.Debug|x86.ActiveCfg = Debug|Any CPU
		{FF07EF80-CFC2-4AFB-A236-F8F6FA31ED0C}.Debug|x86.Build.0 = Debug|Any CPU
		{FF07EF80-CFC2-4AFB-A236-F8F6FA31ED0C}.Release|Any CPU.ActiveCfg = Release|Any CPU
		{FF07EF80-CFC2-4AFB-A236-F8F6FA31ED0C}.Release|Any CPU.Build.0 = Release|Any CPU
		{FF07EF80-CFC2-4AFB-A236-F8F6FA31ED0C}.Release|x64.ActiveCfg = Release|Any CPU
		{FF07EF80-CFC2-4AFB-A236-F8F6FA31ED0C}.Release|x64.Build.0 = Release|Any CPU
		{FF07EF80-CFC2-4AFB-A236-F8F6FA31ED0C}.Release|x86.ActiveCfg = Release|Any CPU
		{FF07EF80-CFC2-4AFB-A236-F8F6FA31ED0C}.Release|x86.Build.0 = Release|Any CPU
	EndGlobalSection
	GlobalSection(SolutionProperties) = preSolution
		HideSolutionNode = FALSE
	EndGlobalSection
	GlobalSection(NestedProjects) = preSolution
		{87E45952-3B20-43F2-B3FC-CBC7E77805F7} = {5785BF76-C665-4D8B-8A52-852115CD9173}
		{5785BF76-C665-4D8B-8A52-852115CD9173} = {CF3603F6-3780-44B3-9F5F-A5144018B31A}
		{BEBF7A46-475C-427F-A0C8-02C5B7192576} = {CF3603F6-3780-44B3-9F5F-A5144018B31A}
		{ED478FB6-C528-4604-BD11-D0F5B162731F} = {BEBF7A46-475C-427F-A0C8-02C5B7192576}
		{D7FCEAD3-E6BE-4A21-B856-266D4F07B43A} = {BEBF7A46-475C-427F-A0C8-02C5B7192576}
		{F4A6F6B5-179E-D4DA-5140-B10BF3B82777} = {CF3603F6-3780-44B3-9F5F-A5144018B31A}
		{903E954B-DF1C-4045-8254-CFBFBCAC3FC9} = {F4A6F6B5-179E-D4DA-5140-B10BF3B82777}
		{2DD40BDE-2672-436A-9483-4C30879BCF58} = {F4A6F6B5-179E-D4DA-5140-B10BF3B82777}
		{0228DA51-5B33-45D2-BA2D-894CC78126AC} = {CF3603F6-3780-44B3-9F5F-A5144018B31A}
		{FF07EF80-CFC2-4AFB-A236-F8F6FA31ED0C} = {0228DA51-5B33-45D2-BA2D-894CC78126AC}
	EndGlobalSection
EndGlobal
